
Microsoft Visual Studio Solution File, Format Version 12.00
# Visual Studio Version 17
VisualStudioVersion = 17.0.31903.59
MinimumVisualStudioVersion = 10.0.40219.1
Project("{2150E333-8FDC-42A3-9474-1A3956D46DE8}") = "src", "src", "{137B7328-B27D-4940-9DEA-BCBC4D8BF4E6}"
EndProject
Project("{FAE04EC0-301F-11D3-BF4B-00C04F79EFBC}") = "Carshop.API", "src\Carshop.API\Carshop.API.csproj", "{EDF1422C-AADB-4663-AF51-3DDD8677E172}"
EndProject
Project("{FAE04EC0-301F-11D3-BF4B-00C04F79EFBC}") = "Carshop.Application", "src\Carshop.Application\Carshop.Application.csproj", "{91D29A50-D974-49F5-8424-22B91155DDEB}"
EndProject
Project("{FAE04EC0-301F-11D3-BF4B-00C04F79EFBC}") = "Carshop.Domain", "src\Carshop.Domain\Carshop.Domain.csproj", "{B5E5F1BC-0430-4FCF-99F0-5BFBE7F1655E}"
EndProject
Project("{FAE04EC0-301F-11D3-BF4B-00C04F79EFBC}") = "Carshop.Infrastructure", "src\Carshop.Infrastructure\Carshop.Infrastructure.csproj", "{7B3E3331-73AC-4A99-87C6-D7C67CA18141}"
EndProject
Project("{2150E333-8FDC-42A3-9474-1A3956D46DE8}") = "tests", "tests", "{046021A0-2E8B-4D02-9446-250BE9DE52D7}"
EndProject
Project("{2150E333-8FDC-42A3-9474-1A3956D46DE8}") = "UnitTests", "UnitTests", "{C6AF757A-D0E4-441B-9F19-3E9904815006}"
EndProject
Project("{FAE04EC0-301F-11D3-BF4B-00C04F79EFBC}") = "Carshop.Infrastructure.UnitTests", "tests\UnitTests\Carshop.Infrastructure.UnitTests\Carshop.Infrastructure.UnitTests.csproj", "{601C9027-1CEA-464E-8475-61303E1E765D}"
EndProject
Global
	GlobalSection(SolutionConfigurationPlatforms) = preSolution
		Debug|Any CPU = Debug|Any CPU
		Release|Any CPU = Release|Any CPU
	EndGlobalSection
	GlobalSection(SolutionProperties) = preSolution
		HideSolutionNode = FALSE
	EndGlobalSection
	GlobalSection(ProjectConfigurationPlatforms) = postSolution
		{EDF1422C-AADB-4663-AF51-3DDD8677E172}.Debug|Any CPU.ActiveCfg = Debug|Any CPU
		{EDF1422C-AADB-4663-AF51-3DDD8677E172}.Debug|Any CPU.Build.0 = Debug|Any CPU
		{EDF1422C-AADB-4663-AF51-3DDD8677E172}.Release|Any CPU.ActiveCfg = Release|Any CPU
		{EDF1422C-AADB-4663-AF51-3DDD8677E172}.Release|Any CPU.Build.0 = Release|Any CPU
		{91D29A50-D974-49F5-8424-22B91155DDEB}.Debug|Any CPU.ActiveCfg = Debug|Any CPU
		{91D29A50-D974-49F5-8424-22B91155DDEB}.Debug|Any CPU.Build.0 = Debug|Any CPU
		{91D29A50-D974-49F5-8424-22B91155DDEB}.Release|Any CPU.ActiveCfg = Release|Any CPU
		{91D29A50-D974-49F5-8424-22B91155DDEB}.Release|Any CPU.Build.0 = Release|Any CPU
		{B5E5F1BC-0430-4FCF-99F0-5BFBE7F1655E}.Debug|Any CPU.ActiveCfg = Debug|Any CPU
		{B5E5F1BC-0430-4FCF-99F0-5BFBE7F1655E}.Debug|Any CPU.Build.0 = Debug|Any CPU
		{B5E5F1BC-0430-4FCF-99F0-5BFBE7F1655E}.Release|Any CPU.ActiveCfg = Release|Any CPU
		{B5E5F1BC-0430-4FCF-99F0-5BFBE7F1655E}.Release|Any CPU.Build.0 = Release|Any CPU
		{7B3E3331-73AC-4A99-87C6-D7C67CA18141}.Debug|Any CPU.ActiveCfg = Debug|Any CPU
		{7B3E3331-73AC-4A99-87C6-D7C67CA18141}.Debug|Any CPU.Build.0 = Debug|Any CPU
		{7B3E3331-73AC-4A99-87C6-D7C67CA18141}.Release|Any CPU.ActiveCfg = Release|Any CPU
		{7B3E3331-73AC-4A99-87C6-D7C67CA18141}.Release|Any CPU.Build.0 = Release|Any CPU
		{601C9027-1CEA-464E-8475-61303E1E765D}.Debug|Any CPU.ActiveCfg = Debug|Any CPU
		{601C9027-1CEA-464E-8475-61303E1E765D}.Debug|Any CPU.Build.0 = Debug|Any CPU
		{601C9027-1CEA-464E-8475-61303E1E765D}.Release|Any CPU.ActiveCfg = Release|Any CPU
		{601C9027-1CEA-464E-8475-61303E1E765D}.Release|Any CPU.Build.0 = Release|Any CPU
	EndGlobalSection
	GlobalSection(NestedProjects) = preSolution
		{EDF1422C-AADB-4663-AF51-3DDD8677E172} = {137B7328-B27D-4940-9DEA-BCBC4D8BF4E6}
		{91D29A50-D974-49F5-8424-22B91155DDEB} = {137B7328-B27D-4940-9DEA-BCBC4D8BF4E6}
		{B5E5F1BC-0430-4FCF-99F0-5BFBE7F1655E} = {137B7328-B27D-4940-9DEA-BCBC4D8BF4E6}
		{7B3E3331-73AC-4A99-87C6-D7C67CA18141} = {137B7328-B27D-4940-9DEA-BCBC4D8BF4E6}
		{C6AF757A-D0E4-441B-9F19-3E9904815006} = {046021A0-2E8B-4D02-9446-250BE9DE52D7}
		{601C9027-1CEA-464E-8475-61303E1E765D} = {C6AF757A-D0E4-441B-9F19-3E9904815006}
	EndGlobalSection
EndGlobal
