
Microsoft Visual Studio Solution File, Format Version 12.00
# Visual Studio Version 17
VisualStudioVersion = 17.0.31903.59
MinimumVisualStudioVersion = 10.0.40219.1
Project("{FAE04EC0-301F-11D3-BF4B-00C04F79EFBC}") = "Carshop.Domain", "Carshop.Domain\Carshop.Domain.csproj", "{BF460302-0CAB-4F0C-A455-6C51374B6830}"
EndProject
Project("{FAE04EC0-301F-11D3-BF4B-00C04F79EFBC}") = "Carshop.Application", "Carshop.Application\Carshop.Application.csproj", "{D4373296-8AA1-42BF-BD7D-FA0073DFEB91}"
EndProject
Project("{FAE04EC0-301F-11D3-BF4B-00C04F79EFBC}") = "Carshop.Infrastructure", "Carshop.Infrastructure\Carshop.Infrastructure.csproj", "{F511302A-103C-424C-AED3-87821AD6F309}"
EndProject
Project("{FAE04EC0-301F-11D3-BF4B-00C04F79EFBC}") = "Carshop.API", "Carshop.API\Carshop.API.csproj", "{AF5DB56B-1A7A-4750-BE46-EA589B6AE573}"
EndProject
Global
	GlobalSection(SolutionConfigurationPlatforms) = preSolution
		Debug|Any CPU = Debug|Any CPU
		Release|Any CPU = Release|Any CPU
	EndGlobalSection
	GlobalSection(SolutionProperties) = preSolution
		HideSolutionNode = FALSE
	EndGlobalSection
	GlobalSection(ProjectConfigurationPlatforms) = postSolution
		{BF460302-0CAB-4F0C-A455-6C51374B6830}.Debug|Any CPU.ActiveCfg = Debug|Any CPU
		{BF460302-0CAB-4F0C-A455-6C51374B6830}.Debug|Any CPU.Build.0 = Debug|Any CPU
		{BF460302-0CAB-4F0C-A455-6C51374B6830}.Release|Any CPU.ActiveCfg = Release|Any CPU
		{BF460302-0CAB-4F0C-A455-6C51374B6830}.Release|Any CPU.Build.0 = Release|Any CPU
		{D4373296-8AA1-42BF-BD7D-FA0073DFEB91}.Debug|Any CPU.ActiveCfg = Debug|Any CPU
		{D4373296-8AA1-42BF-BD7D-FA0073DFEB91}.Debug|Any CPU.Build.0 = Debug|Any CPU
		{D4373296-8AA1-42BF-BD7D-FA0073DFEB91}.Release|Any CPU.ActiveCfg = Release|Any CPU
		{D4373296-8AA1-42BF-BD7D-FA0073DFEB91}.Release|Any CPU.Build.0 = Release|Any CPU
		{F511302A-103C-424C-AED3-87821AD6F309}.Debug|Any CPU.ActiveCfg = Debug|Any CPU
		{F511302A-103C-424C-AED3-87821AD6F309}.Debug|Any CPU.Build.0 = Debug|Any CPU
		{F511302A-103C-424C-AED3-87821AD6F309}.Release|Any CPU.ActiveCfg = Release|Any CPU
		{F511302A-103C-424C-AED3-87821AD6F309}.Release|Any CPU.Build.0 = Release|Any CPU
		{AF5DB56B-1A7A-4750-BE46-EA589B6AE573}.Debug|Any CPU.ActiveCfg = Debug|Any CPU
		{AF5DB56B-1A7A-4750-BE46-EA589B6AE573}.Debug|Any CPU.Build.0 = Debug|Any CPU
		{AF5DB56B-1A7A-4750-BE46-EA589B6AE573}.Release|Any CPU.ActiveCfg = Release|Any CPU
		{AF5DB56B-1A7A-4750-BE46-EA589B6AE573}.Release|Any CPU.Build.0 = Release|Any CPU
	EndGlobalSection
EndGlobal
